
Microsoft Visual Studio Solution File, Format Version 12.00
# Visual Studio Version 17
VisualStudioVersion = 17.0.32126.317
MinimumVisualStudioVersion = 10.0.40219.1
Project("{9A19103F-16F7-4668-BE54-9A1E7A4F7556}") = "Web API", "Web API.csproj", "{7278A444-DFC6-4A02-B038-8915A63AB89C}"
EndProject
Global
	GlobalSection(SolutionConfigurationPlatforms) = preSolution
		Debug|Any CPU = Debug|Any CPU
		Release|Any CPU = Release|Any CPU
	EndGlobalSection
	GlobalSection(ProjectConfigurationPlatforms) = postSolution
		{7278A444-DFC6-4A02-B038-8915A63AB89C}.Debug|Any CPU.ActiveCfg = Debug|Any CPU
		{7278A444-DFC6-4A02-B038-8915A63AB89C}.Debug|Any CPU.Build.0 = Debug|Any CPU
		{7278A444-DFC6-4A02-B038-8915A63AB89C}.Release|Any CPU.ActiveCfg = Release|Any CPU
		{7278A444-DFC6-4A02-B038-8915A63AB89C}.Release|Any CPU.Build.0 = Release|Any CPU
	EndGlobalSection
	GlobalSection(SolutionProperties) = preSolution
		HideSolutionNode = FALSE
	EndGlobalSection
	GlobalSection(ExtensibilityGlobals) = postSolution
		SolutionGuid = {3FB589B2-6C51-41EA-AEF0-12A9E4EC05F3}
	EndGlobalSection
EndGlobal
